
Microsoft Visual Studio Solution File, Format Version 12.00
# Visual Studio Version 16
VisualStudioVersion = 16.0.31515.178
MinimumVisualStudioVersion = 10.0.40219.1
Project("{FAE04EC0-301F-11D3-BF4B-00C04F79EFBC}") = "DCConDownloader", "DCConDownloader.csproj", "{1E75FD74-9AE9-4FAA-AFFA-26B9E83381B9}"
EndProject
Global
	GlobalSection(SolutionConfigurationPlatforms) = preSolution
		Debug|Any CPU = Debug|Any CPU
		Release|Any CPU = Release|Any CPU
	EndGlobalSection
	GlobalSection(ProjectConfigurationPlatforms) = postSolution
		{1E75FD74-9AE9-4FAA-AFFA-26B9E83381B9}.Debug|Any CPU.ActiveCfg = Debug|Any CPU
		{1E75FD74-9AE9-4FAA-AFFA-26B9E83381B9}.Debug|Any CPU.Build.0 = Debug|Any CPU
		{1E75FD74-9AE9-4FAA-AFFA-26B9E83381B9}.Release|Any CPU.ActiveCfg = Release|Any CPU
		{1E75FD74-9AE9-4FAA-AFFA-26B9E83381B9}.Release|Any CPU.Build.0 = Release|Any CPU
	EndGlobalSection
	GlobalSection(SolutionProperties) = preSolution
		HideSolutionNode = FALSE
	EndGlobalSection
	GlobalSection(ExtensibilityGlobals) = postSolution
		SolutionGuid = {6C37D742-288E-4542-95A8-29A305EBADEC}
	EndGlobalSection
EndGlobal
